// !$*UTF8*$!
{
	archiveVersion = 1;
	classes = {
	};
	objectVersion = 55;
	objects = {

/* Begin PBXBuildFile section */
		16758D2992DD86F4EF7F27D0 /* Pods_SocialLoginIOS_SocialLoginIOSUITests.framework in Frameworks */ = {isa = PBXBuildFile; fileRef = F1BB2F298EEF1C4EF6C72A76 /* Pods_SocialLoginIOS_SocialLoginIOSUITests.framework */; };
		1EAD69CD2F66CFA29AD08920 /* Pods_SocialLoginIOS.framework in Frameworks */ = {isa = PBXBuildFile; fileRef = A8D962C5A4B8255242F74516 /* Pods_SocialLoginIOS.framework */; };
		5C5ABDE4A0EDBA643110BDE7 /* Pods_SocialLoginIOSTests.framework in Frameworks */ = {isa = PBXBuildFile; fileRef = 5173AD3EF1FC89C8CA93AB0F /* Pods_SocialLoginIOSTests.framework */; };
		D5588AC8293DB01B000A31EE /* EnterEmailViewController.swift in Sources */ = {isa = PBXBuildFile; fileRef = D5588AC7293DB01B000A31EE /* EnterEmailViewController.swift */; };
		D5588ACA293DD69E000A31EE /* MainViewController.swift in Sources */ = {isa = PBXBuildFile; fileRef = D5588AC9293DD69E000A31EE /* MainViewController.swift */; };
		D5588ACC293DD9DF000A31EE /* GoogleService-Info.plist in Resources */ = {isa = PBXBuildFile; fileRef = D5588ACB293DD9DF000A31EE /* GoogleService-Info.plist */; };
		D5EE519E293D89AC00B31F1A /* AppDelegate.swift in Sources */ = {isa = PBXBuildFile; fileRef = D5EE519D293D89AC00B31F1A /* AppDelegate.swift */; };
		D5EE51A0293D89AC00B31F1A /* SceneDelegate.swift in Sources */ = {isa = PBXBuildFile; fileRef = D5EE519F293D89AC00B31F1A /* SceneDelegate.swift */; };
		D5EE51A5293D89AC00B31F1A /* Main.storyboard in Resources */ = {isa = PBXBuildFile; fileRef = D5EE51A3293D89AC00B31F1A /* Main.storyboard */; };
		D5EE51A7293D89AD00B31F1A /* Assets.xcassets in Resources */ = {isa = PBXBuildFile; fileRef = D5EE51A6293D89AD00B31F1A /* Assets.xcassets */; };
		D5EE51AA293D89AD00B31F1A /* LaunchScreen.storyboard in Resources */ = {isa = PBXBuildFile; fileRef = D5EE51A8293D89AD00B31F1A /* LaunchScreen.storyboard */; };
		D5EE51B5293D89AE00B31F1A /* SocialLoginIOSTests.swift in Sources */ = {isa = PBXBuildFile; fileRef = D5EE51B4293D89AE00B31F1A /* SocialLoginIOSTests.swift */; };
		D5EE51BF293D89AE00B31F1A /* SocialLoginIOSUITests.swift in Sources */ = {isa = PBXBuildFile; fileRef = D5EE51BE293D89AE00B31F1A /* SocialLoginIOSUITests.swift */; };
		D5EE51C1293D89AE00B31F1A /* SocialLoginIOSUITestsLaunchTests.swift in Sources */ = {isa = PBXBuildFile; fileRef = D5EE51C0293D89AE00B31F1A /* SocialLoginIOSUITestsLaunchTests.swift */; };
		D5EE51CE293D89F000B31F1A /* LoginViewController.swift in Sources */ = {isa = PBXBuildFile; fileRef = D5EE51CD293D89F000B31F1A /* LoginViewController.swift */; };
/* End PBXBuildFile section */

/* Begin PBXContainerItemProxy section */
		D5EE51B1293D89AD00B31F1A /* PBXContainerItemProxy */ = {
			isa = PBXContainerItemProxy;
			containerPortal = D5EE5192293D89AC00B31F1A /* Project object */;
			proxyType = 1;
			remoteGlobalIDString = D5EE5199293D89AC00B31F1A;
			remoteInfo = SocialLoginIOS;
		};
		D5EE51BB293D89AE00B31F1A /* PBXContainerItemProxy */ = {
			isa = PBXContainerItemProxy;
			containerPortal = D5EE5192293D89AC00B31F1A /* Project object */;
			proxyType = 1;
			remoteGlobalIDString = D5EE5199293D89AC00B31F1A;
			remoteInfo = SocialLoginIOS;
		};
/* End PBXContainerItemProxy section */

/* Begin PBXFileReference section */
		2D69C5FE8B292E5049612FA2 /* Pods-SocialLoginIOS-SocialLoginIOSUITests.release.xcconfig */ = {isa = PBXFileReference; includeInIndex = 1; lastKnownFileType = text.xcconfig; name = "Pods-SocialLoginIOS-SocialLoginIOSUITests.release.xcconfig"; path = "Target Support Files/Pods-SocialLoginIOS-SocialLoginIOSUITests/Pods-SocialLoginIOS-SocialLoginIOSUITests.release.xcconfig"; sourceTree = "<group>"; };
		3AC4679BF66DF9771C7A1FBF /* Pods-SocialLoginIOS.release.xcconfig */ = {isa = PBXFileReference; includeInIndex = 1; lastKnownFileType = text.xcconfig; name = "Pods-SocialLoginIOS.release.xcconfig"; path = "Target Support Files/Pods-SocialLoginIOS/Pods-SocialLoginIOS.release.xcconfig"; sourceTree = "<group>"; };
		5173AD3EF1FC89C8CA93AB0F /* Pods_SocialLoginIOSTests.framework */ = {isa = PBXFileReference; explicitFileType = wrapper.framework; includeInIndex = 0; path = Pods_SocialLoginIOSTests.framework; sourceTree = BUILT_PRODUCTS_DIR; };
		6E28588810DA63BB470F3BDA /* Pods-SocialLoginIOS-SocialLoginIOSUITests.debug.xcconfig */ = {isa = PBXFileReference; includeInIndex = 1; lastKnownFileType = text.xcconfig; name = "Pods-SocialLoginIOS-SocialLoginIOSUITests.debug.xcconfig"; path = "Target Support Files/Pods-SocialLoginIOS-SocialLoginIOSUITests/Pods-SocialLoginIOS-SocialLoginIOSUITests.debug.xcconfig"; sourceTree = "<group>"; };
		8446FEFB8E75719B06DABEDD /* Pods-SocialLoginIOSTests.release.xcconfig */ = {isa = PBXFileReference; includeInIndex = 1; lastKnownFileType = text.xcconfig; name = "Pods-SocialLoginIOSTests.release.xcconfig"; path = "Target Support Files/Pods-SocialLoginIOSTests/Pods-SocialLoginIOSTests.release.xcconfig"; sourceTree = "<group>"; };
		A8D962C5A4B8255242F74516 /* Pods_SocialLoginIOS.framework */ = {isa = PBXFileReference; explicitFileType = wrapper.framework; includeInIndex = 0; path = Pods_SocialLoginIOS.framework; sourceTree = BUILT_PRODUCTS_DIR; };
		CADD3504D90A89BFA9FF6CD9 /* Pods-SocialLoginIOS.debug.xcconfig */ = {isa = PBXFileReference; includeInIndex = 1; lastKnownFileType = text.xcconfig; name = "Pods-SocialLoginIOS.debug.xcconfig"; path = "Target Support Files/Pods-SocialLoginIOS/Pods-SocialLoginIOS.debug.xcconfig"; sourceTree = "<group>"; };
		D5588AC7293DB01B000A31EE /* EnterEmailViewController.swift */ = {isa = PBXFileReference; lastKnownFileType = sourcecode.swift; path = EnterEmailViewController.swift; sourceTree = "<group>"; };
		D5588AC9293DD69E000A31EE /* MainViewController.swift */ = {isa = PBXFileReference; lastKnownFileType = sourcecode.swift; path = MainViewController.swift; sourceTree = "<group>"; };
		D5588ACB293DD9DF000A31EE /* GoogleService-Info.plist */ = {isa = PBXFileReference; fileEncoding = 4; lastKnownFileType = text.plist.xml; path = "GoogleService-Info.plist"; sourceTree = "<group>"; };
		D5EE519A293D89AC00B31F1A /* SocialLoginIOS.app */ = {isa = PBXFileReference; explicitFileType = wrapper.application; includeInIndex = 0; path = SocialLoginIOS.app; sourceTree = BUILT_PRODUCTS_DIR; };
		D5EE519D293D89AC00B31F1A /* AppDelegate.swift */ = {isa = PBXFileReference; lastKnownFileType = sourcecode.swift; path = AppDelegate.swift; sourceTree = "<group>"; };
		D5EE519F293D89AC00B31F1A /* SceneDelegate.swift */ = {isa = PBXFileReference; lastKnownFileType = sourcecode.swift; path = SceneDelegate.swift; sourceTree = "<group>"; };
		D5EE51A4293D89AC00B31F1A /* Base */ = {isa = PBXFileReference; lastKnownFileType = file.storyboard; name = Base; path = Base.lproj/Main.storyboard; sourceTree = "<group>"; };
		D5EE51A6293D89AD00B31F1A /* Assets.xcassets */ = {isa = PBXFileReference; lastKnownFileType = folder.assetcatalog; path = Assets.xcassets; sourceTree = "<group>"; };
		D5EE51A9293D89AD00B31F1A /* Base */ = {isa = PBXFileReference; lastKnownFileType = file.storyboard; name = Base; path = Base.lproj/LaunchScreen.storyboard; sourceTree = "<group>"; };
		D5EE51AB293D89AD00B31F1A /* Info.plist */ = {isa = PBXFileReference; lastKnownFileType = text.plist.xml; path = Info.plist; sourceTree = "<group>"; };
		D5EE51B0293D89AD00B31F1A /* SocialLoginIOSTests.xctest */ = {isa = PBXFileReference; explicitFileType = wrapper.cfbundle; includeInIndex = 0; path = SocialLoginIOSTests.xctest; sourceTree = BUILT_PRODUCTS_DIR; };
		D5EE51B4293D89AE00B31F1A /* SocialLoginIOSTests.swift */ = {isa = PBXFileReference; lastKnownFileType = sourcecode.swift; path = SocialLoginIOSTests.swift; sourceTree = "<group>"; };
		D5EE51BA293D89AE00B31F1A /* SocialLoginIOSUITests.xctest */ = {isa = PBXFileReference; explicitFileType = wrapper.cfbundle; includeInIndex = 0; path = SocialLoginIOSUITests.xctest; sourceTree = BUILT_PRODUCTS_DIR; };
		D5EE51BE293D89AE00B31F1A /* SocialLoginIOSUITests.swift */ = {isa = PBXFileReference; lastKnownFileType = sourcecode.swift; path = SocialLoginIOSUITests.swift; sourceTree = "<group>"; };
		D5EE51C0293D89AE00B31F1A /* SocialLoginIOSUITestsLaunchTests.swift */ = {isa = PBXFileReference; lastKnownFileType = sourcecode.swift; path = SocialLoginIOSUITestsLaunchTests.swift; sourceTree = "<group>"; };
		D5EE51CD293D89F000B31F1A /* LoginViewController.swift */ = {isa = PBXFileReference; lastKnownFileType = sourcecode.swift; path = LoginViewController.swift; sourceTree = "<group>"; };
		F15B5AB46AB5A5E8977D3366 /* Pods-SocialLoginIOSTests.debug.xcconfig */ = {isa = PBXFileReference; includeInIndex = 1; lastKnownFileType = text.xcconfig; name = "Pods-SocialLoginIOSTests.debug.xcconfig"; path = "Target Support Files/Pods-SocialLoginIOSTests/Pods-SocialLoginIOSTests.debug.xcconfig"; sourceTree = "<group>"; };
		F1BB2F298EEF1C4EF6C72A76 /* Pods_SocialLoginIOS_SocialLoginIOSUITests.framework */ = {isa = PBXFileReference; explicitFileType = wrapper.framework; includeInIndex = 0; path = Pods_SocialLoginIOS_SocialLoginIOSUITests.framework; sourceTree = BUILT_PRODUCTS_DIR; };
/* End PBXFileReference section */

/* Begin PBXFrameworksBuildPhase section */
		D5EE5197293D89AC00B31F1A /* Frameworks */ = {
			isa = PBXFrameworksBuildPhase;
			buildActionMask = 2147483647;
			files = (
				1EAD69CD2F66CFA29AD08920 /* Pods_SocialLoginIOS.framework in Frameworks */,
			);
			runOnlyForDeploymentPostprocessing = 0;
		};
		D5EE51AD293D89AD00B31F1A /* Frameworks */ = {
			isa = PBXFrameworksBuildPhase;
			buildActionMask = 2147483647;
			files = (
				5C5ABDE4A0EDBA643110BDE7 /* Pods_SocialLoginIOSTests.framework in Frameworks */,
			);
			runOnlyForDeploymentPostprocessing = 0;
		};
		D5EE51B7293D89AE00B31F1A /* Frameworks */ = {
			isa = PBXFrameworksBuildPhase;
			buildActionMask = 2147483647;
			files = (
				16758D2992DD86F4EF7F27D0 /* Pods_SocialLoginIOS_SocialLoginIOSUITests.framework in Frameworks */,
			);
			runOnlyForDeploymentPostprocessing = 0;
		};
/* End PBXFrameworksBuildPhase section */

/* Begin PBXGroup section */
		D100459011286537E4DAD860 /* Frameworks */ = {
			isa = PBXGroup;
			children = (
				A8D962C5A4B8255242F74516 /* Pods_SocialLoginIOS.framework */,
				F1BB2F298EEF1C4EF6C72A76 /* Pods_SocialLoginIOS_SocialLoginIOSUITests.framework */,
				5173AD3EF1FC89C8CA93AB0F /* Pods_SocialLoginIOSTests.framework */,
			);
			name = Frameworks;
			sourceTree = "<group>";
		};
		D5EE5191293D89AC00B31F1A = {
			isa = PBXGroup;
			children = (
				D5EE519C293D89AC00B31F1A /* SocialLoginIOS */,
				D5EE51B3293D89AE00B31F1A /* SocialLoginIOSTests */,
				D5EE51BD293D89AE00B31F1A /* SocialLoginIOSUITests */,
				D5EE519B293D89AC00B31F1A /* Products */,
				E5AE84F88F7A9EB38F2DB401 /* Pods */,
				D100459011286537E4DAD860 /* Frameworks */,
			);
			sourceTree = "<group>";
		};
		D5EE519B293D89AC00B31F1A /* Products */ = {
			isa = PBXGroup;
			children = (
				D5EE519A293D89AC00B31F1A /* SocialLoginIOS.app */,
				D5EE51B0293D89AD00B31F1A /* SocialLoginIOSTests.xctest */,
				D5EE51BA293D89AE00B31F1A /* SocialLoginIOSUITests.xctest */,
			);
			name = Products;
			sourceTree = "<group>";
		};
		D5EE519C293D89AC00B31F1A /* SocialLoginIOS */ = {
			isa = PBXGroup;
			children = (
				D5EE519D293D89AC00B31F1A /* AppDelegate.swift */,
				D5EE519F293D89AC00B31F1A /* SceneDelegate.swift */,
				D5EE51A3293D89AC00B31F1A /* Main.storyboard */,
				D5EE51A6293D89AD00B31F1A /* Assets.xcassets */,
				D5EE51A8293D89AD00B31F1A /* LaunchScreen.storyboard */,
				D5EE51AB293D89AD00B31F1A /* Info.plist */,
				D5EE51CD293D89F000B31F1A /* LoginViewController.swift */,
				D5588AC7293DB01B000A31EE /* EnterEmailViewController.swift */,
				D5588AC9293DD69E000A31EE /* MainViewController.swift */,
				D5588ACB293DD9DF000A31EE /* GoogleService-Info.plist */,
			);
			path = SocialLoginIOS;
			sourceTree = "<group>";
		};
		D5EE51B3293D89AE00B31F1A /* SocialLoginIOSTests */ = {
			isa = PBXGroup;
			children = (
				D5EE51B4293D89AE00B31F1A /* SocialLoginIOSTests.swift */,
			);
			path = SocialLoginIOSTests;
			sourceTree = "<group>";
		};
		D5EE51BD293D89AE00B31F1A /* SocialLoginIOSUITests */ = {
			isa = PBXGroup;
			children = (
				D5EE51BE293D89AE00B31F1A /* SocialLoginIOSUITests.swift */,
				D5EE51C0293D89AE00B31F1A /* SocialLoginIOSUITestsLaunchTests.swift */,
			);
			path = SocialLoginIOSUITests;
			sourceTree = "<group>";
		};
		E5AE84F88F7A9EB38F2DB401 /* Pods */ = {
			isa = PBXGroup;
			children = (
				CADD3504D90A89BFA9FF6CD9 /* Pods-SocialLoginIOS.debug.xcconfig */,
				3AC4679BF66DF9771C7A1FBF /* Pods-SocialLoginIOS.release.xcconfig */,
				6E28588810DA63BB470F3BDA /* Pods-SocialLoginIOS-SocialLoginIOSUITests.debug.xcconfig */,
				2D69C5FE8B292E5049612FA2 /* Pods-SocialLoginIOS-SocialLoginIOSUITests.release.xcconfig */,
				F15B5AB46AB5A5E8977D3366 /* Pods-SocialLoginIOSTests.debug.xcconfig */,
				8446FEFB8E75719B06DABEDD /* Pods-SocialLoginIOSTests.release.xcconfig */,
			);
			path = Pods;
			sourceTree = "<group>";
		};
/* End PBXGroup section */

/* Begin PBXNativeTarget section */
		D5EE5199293D89AC00B31F1A /* SocialLoginIOS */ = {
			isa = PBXNativeTarget;
			buildConfigurationList = D5EE51C4293D89AE00B31F1A /* Build configuration list for PBXNativeTarget "SocialLoginIOS" */;
			buildPhases = (
				F451E1EF090F04DC92D23413 /* [CP] Check Pods Manifest.lock */,
				D5EE5196293D89AC00B31F1A /* Sources */,
				D5EE5197293D89AC00B31F1A /* Frameworks */,
				D5EE5198293D89AC00B31F1A /* Resources */,
				13D70CF1017AFEF7ADC995A6 /* [CP] Embed Pods Frameworks */,
			);
			buildRules = (
			);
			dependencies = (
			);
			name = SocialLoginIOS;
			productName = SocialLoginIOS;
			productReference = D5EE519A293D89AC00B31F1A /* SocialLoginIOS.app */;
			productType = "com.apple.product-type.application";
		};
		D5EE51AF293D89AD00B31F1A /* SocialLoginIOSTests */ = {
			isa = PBXNativeTarget;
			buildConfigurationList = D5EE51C7293D89AE00B31F1A /* Build configuration list for PBXNativeTarget "SocialLoginIOSTests" */;
			buildPhases = (
				E188A0F0FFA21DB4943114FE /* [CP] Check Pods Manifest.lock */,
				D5EE51AC293D89AD00B31F1A /* Sources */,
				D5EE51AD293D89AD00B31F1A /* Frameworks */,
				D5EE51AE293D89AD00B31F1A /* Resources */,
			);
			buildRules = (
			);
			dependencies = (
				D5EE51B2293D89AD00B31F1A /* PBXTargetDependency */,
			);
			name = SocialLoginIOSTests;
			productName = SocialLoginIOSTests;
			productReference = D5EE51B0293D89AD00B31F1A /* SocialLoginIOSTests.xctest */;
			productType = "com.apple.product-type.bundle.unit-test";
		};
		D5EE51B9293D89AE00B31F1A /* SocialLoginIOSUITests */ = {
			isa = PBXNativeTarget;
			buildConfigurationList = D5EE51CA293D89AE00B31F1A /* Build configuration list for PBXNativeTarget "SocialLoginIOSUITests" */;
			buildPhases = (
				C7904CCAB453B03AEDACECB2 /* [CP] Check Pods Manifest.lock */,
				D5EE51B6293D89AE00B31F1A /* Sources */,
				D5EE51B7293D89AE00B31F1A /* Frameworks */,
				D5EE51B8293D89AE00B31F1A /* Resources */,
				CA97DCB263C82D26F2AA4878 /* [CP] Embed Pods Frameworks */,
			);
			buildRules = (
			);
			dependencies = (
				D5EE51BC293D89AE00B31F1A /* PBXTargetDependency */,
			);
			name = SocialLoginIOSUITests;
			productName = SocialLoginIOSUITests;
			productReference = D5EE51BA293D89AE00B31F1A /* SocialLoginIOSUITests.xctest */;
			productType = "com.apple.product-type.bundle.ui-testing";
		};
/* End PBXNativeTarget section */

/* Begin PBXProject section */
		D5EE5192293D89AC00B31F1A /* Project object */ = {
			isa = PBXProject;
			attributes = {
				BuildIndependentTargetsInParallel = 1;
				LastSwiftUpdateCheck = 1410;
				LastUpgradeCheck = 1410;
				TargetAttributes = {
					D5EE5199293D89AC00B31F1A = {
						CreatedOnToolsVersion = 14.1;
					};
					D5EE51AF293D89AD00B31F1A = {
						CreatedOnToolsVersion = 14.1;
						TestTargetID = D5EE5199293D89AC00B31F1A;
					};
					D5EE51B9293D89AE00B31F1A = {
						CreatedOnToolsVersion = 14.1;
						TestTargetID = D5EE5199293D89AC00B31F1A;
					};
				};
			};
			buildConfigurationList = D5EE5195293D89AC00B31F1A /* Build configuration list for PBXProject "SocialLoginIOS" */;
			compatibilityVersion = "Xcode 13.0";
			developmentRegion = en;
			hasScannedForEncodings = 0;
			knownRegions = (
				en,
				Base,
			);
			mainGroup = D5EE5191293D89AC00B31F1A;
			productRefGroup = D5EE519B293D89AC00B31F1A /* Products */;
			projectDirPath = "";
			projectRoot = "";
			targets = (
				D5EE5199293D89AC00B31F1A /* SocialLoginIOS */,
				D5EE51AF293D89AD00B31F1A /* SocialLoginIOSTests */,
				D5EE51B9293D89AE00B31F1A /* SocialLoginIOSUITests */,
			);
		};
/* End PBXProject section */

/* Begin PBXResourcesBuildPhase section */
		D5EE5198293D89AC00B31F1A /* Resources */ = {
			isa = PBXResourcesBuildPhase;
			buildActionMask = 2147483647;
			files = (
				D5EE51AA293D89AD00B31F1A /* LaunchScreen.storyboard in Resources */,
				D5588ACC293DD9DF000A31EE /* GoogleService-Info.plist in Resources */,
				D5EE51A7293D89AD00B31F1A /* Assets.xcassets in Resources */,
				D5EE51A5293D89AC00B31F1A /* Main.storyboard in Resources */,
			);
			runOnlyForDeploymentPostprocessing = 0;
		};
		D5EE51AE293D89AD00B31F1A /* Resources */ = {
			isa = PBXResourcesBuildPhase;
			buildActionMask = 2147483647;
			files = (
			);
			runOnlyForDeploymentPostprocessing = 0;
		};
		D5EE51B8293D89AE00B31F1A /* Resources */ = {
			isa = PBXResourcesBuildPhase;
			buildActionMask = 2147483647;
			files = (
			);
			runOnlyForDeploymentPostprocessing = 0;
		};
/* End PBXResourcesBuildPhase section */

/* Begin PBXShellScriptBuildPhase section */
		13D70CF1017AFEF7ADC995A6 /* [CP] Embed Pods Frameworks */ = {
			isa = PBXShellScriptBuildPhase;
			buildActionMask = 2147483647;
			files = (
			);
			inputFileListPaths = (
				"${PODS_ROOT}/Target Support Files/Pods-SocialLoginIOS/Pods-SocialLoginIOS-frameworks-${CONFIGURATION}-input-files.xcfilelist",
			);
			name = "[CP] Embed Pods Frameworks";
			outputFileListPaths = (
				"${PODS_ROOT}/Target Support Files/Pods-SocialLoginIOS/Pods-SocialLoginIOS-frameworks-${CONFIGURATION}-output-files.xcfilelist",
			);
			runOnlyForDeploymentPostprocessing = 0;
			shellPath = /bin/sh;
			shellScript = "\"${PODS_ROOT}/Target Support Files/Pods-SocialLoginIOS/Pods-SocialLoginIOS-frameworks.sh\"\n";
			showEnvVarsInLog = 0;
		};
		C7904CCAB453B03AEDACECB2 /* [CP] Check Pods Manifest.lock */ = {
			isa = PBXShellScriptBuildPhase;
			buildActionMask = 2147483647;
			files = (
			);
			inputFileListPaths = (
			);
			inputPaths = (
				"${PODS_PODFILE_DIR_PATH}/Podfile.lock",
				"${PODS_ROOT}/Manifest.lock",
			);
			name = "[CP] Check Pods Manifest.lock";
			outputFileListPaths = (
			);
			outputPaths = (
				"$(DERIVED_FILE_DIR)/Pods-SocialLoginIOS-SocialLoginIOSUITests-checkManifestLockResult.txt",
			);
			runOnlyForDeploymentPostprocessing = 0;
			shellPath = /bin/sh;
			shellScript = "diff \"${PODS_PODFILE_DIR_PATH}/Podfile.lock\" \"${PODS_ROOT}/Manifest.lock\" > /dev/null\nif [ $? != 0 ] ; then\n    # print error to STDERR\n    echo \"error: The sandbox is not in sync with the Podfile.lock. Run 'pod install' or update your CocoaPods installation.\" >&2\n    exit 1\nfi\n# This output is used by Xcode 'outputs' to avoid re-running this script phase.\necho \"SUCCESS\" > \"${SCRIPT_OUTPUT_FILE_0}\"\n";
			showEnvVarsInLog = 0;
		};
		CA97DCB263C82D26F2AA4878 /* [CP] Embed Pods Frameworks */ = {
			isa = PBXShellScriptBuildPhase;
			buildActionMask = 2147483647;
			files = (
			);
			inputFileListPaths = (
				"${PODS_ROOT}/Target Support Files/Pods-SocialLoginIOS-SocialLoginIOSUITests/Pods-SocialLoginIOS-SocialLoginIOSUITests-frameworks-${CONFIGURATION}-input-files.xcfilelist",
			);
			name = "[CP] Embed Pods Frameworks";
			outputFileListPaths = (
				"${PODS_ROOT}/Target Support Files/Pods-SocialLoginIOS-SocialLoginIOSUITests/Pods-SocialLoginIOS-SocialLoginIOSUITests-frameworks-${CONFIGURATION}-output-files.xcfilelist",
			);
			runOnlyForDeploymentPostprocessing = 0;
			shellPath = /bin/sh;
			shellScript = "\"${PODS_ROOT}/Target Support Files/Pods-SocialLoginIOS-SocialLoginIOSUITests/Pods-SocialLoginIOS-SocialLoginIOSUITests-frameworks.sh\"\n";
			showEnvVarsInLog = 0;
		};
		E188A0F0FFA21DB4943114FE /* [CP] Check Pods Manifest.lock */ = {
			isa = PBXShellScriptBuildPhase;
			buildActionMask = 2147483647;
			files = (
			);
			inputFileListPaths = (
			);
			inputPaths = (
				"${PODS_PODFILE_DIR_PATH}/Podfile.lock",
				"${PODS_ROOT}/Manifest.lock",
			);
			name = "[CP] Check Pods Manifest.lock";
			outputFileListPaths = (
			);
			outputPaths = (
				"$(DERIVED_FILE_DIR)/Pods-SocialLoginIOSTests-checkManifestLockResult.txt",
			);
			runOnlyForDeploymentPostprocessing = 0;
			shellPath = /bin/sh;
			shellScript = "diff \"${PODS_PODFILE_DIR_PATH}/Podfile.lock\" \"${PODS_ROOT}/Manifest.lock\" > /dev/null\nif [ $? != 0 ] ; then\n    # print error to STDERR\n    echo \"error: The sandbox is not in sync with the Podfile.lock. Run 'pod install' or update your CocoaPods installation.\" >&2\n    exit 1\nfi\n# This output is used by Xcode 'outputs' to avoid re-running this script phase.\necho \"SUCCESS\" > \"${SCRIPT_OUTPUT_FILE_0}\"\n";
			showEnvVarsInLog = 0;
		};
		F451E1EF090F04DC92D23413 /* [CP] Check Pods Manifest.lock */ = {
			isa = PBXShellScriptBuildPhase;
			buildActionMask = 2147483647;
			files = (
			);
			inputFileListPaths = (
			);
			inputPaths = (
				"${PODS_PODFILE_DIR_PATH}/Podfile.lock",
				"${PODS_ROOT}/Manifest.lock",
			);
			name = "[CP] Check Pods Manifest.lock";
			outputFileListPaths = (
			);
			outputPaths = (
				"$(DERIVED_FILE_DIR)/Pods-SocialLoginIOS-checkManifestLockResult.txt",
			);
			runOnlyForDeploymentPostprocessing = 0;
			shellPath = /bin/sh;
			shellScript = "diff \"${PODS_PODFILE_DIR_PATH}/Podfile.lock\" \"${PODS_ROOT}/Manifest.lock\" > /dev/null\nif [ $? != 0 ] ; then\n    # print error to STDERR\n    echo \"error: The sandbox is not in sync with the Podfile.lock. Run 'pod install' or update your CocoaPods installation.\" >&2\n    exit 1\nfi\n# This output is used by Xcode 'outputs' to avoid re-running this script phase.\necho \"SUCCESS\" > \"${SCRIPT_OUTPUT_FILE_0}\"\n";
			showEnvVarsInLog = 0;
		};
/* End PBXShellScriptBuildPhase section */

/* Begin PBXSourcesBuildPhase section */
		D5EE5196293D89AC00B31F1A /* Sources */ = {
			isa = PBXSourcesBuildPhase;
			buildActionMask = 2147483647;
			files = (
				D5EE51CE293D89F000B31F1A /* LoginViewController.swift in Sources */,
				D5EE519E293D89AC00B31F1A /* AppDelegate.swift in Sources */,
				D5588AC8293DB01B000A31EE /* EnterEmailViewController.swift in Sources */,
				D5EE51A0293D89AC00B31F1A /* SceneDelegate.swift in Sources */,
				D5588ACA293DD69E000A31EE /* MainViewController.swift in Sources */,
			);
			runOnlyForDeploymentPostprocessing = 0;
		};
		D5EE51AC293D89AD00B31F1A /* Sources */ = {
			isa = PBXSourcesBuildPhase;
			buildActionMask = 2147483647;
			files = (
				D5EE51B5293D89AE00B31F1A /* SocialLoginIOSTests.swift in Sources */,
			);
			runOnlyForDeploymentPostprocessing = 0;
		};
		D5EE51B6293D89AE00B31F1A /* Sources */ = {
			isa = PBXSourcesBuildPhase;
			buildActionMask = 2147483647;
			files = (
				D5EE51BF293D89AE00B31F1A /* SocialLoginIOSUITests.swift in Sources */,
				D5EE51C1293D89AE00B31F1A /* SocialLoginIOSUITestsLaunchTests.swift in Sources */,
			);
			runOnlyForDeploymentPostprocessing = 0;
		};
/* End PBXSourcesBuildPhase section */

/* Begin PBXTargetDependency section */
		D5EE51B2293D89AD00B31F1A /* PBXTargetDependency */ = {
			isa = PBXTargetDependency;
			target = D5EE5199293D89AC00B31F1A /* SocialLoginIOS */;
			targetProxy = D5EE51B1293D89AD00B31F1A /* PBXContainerItemProxy */;
		};
		D5EE51BC293D89AE00B31F1A /* PBXTargetDependency */ = {
			isa = PBXTargetDependency;
			target = D5EE5199293D89AC00B31F1A /* SocialLoginIOS */;
			targetProxy = D5EE51BB293D89AE00B31F1A /* PBXContainerItemProxy */;
		};
/* End PBXTargetDependency section */

/* Begin PBXVariantGroup section */
		D5EE51A3293D89AC00B31F1A /* Main.storyboard */ = {
			isa = PBXVariantGroup;
			children = (
				D5EE51A4293D89AC00B31F1A /* Base */,
			);
			name = Main.storyboard;
			sourceTree = "<group>";
		};
		D5EE51A8293D89AD00B31F1A /* LaunchScreen.storyboard */ = {
			isa = PBXVariantGroup;
			children = (
				D5EE51A9293D89AD00B31F1A /* Base */,
			);
			name = LaunchScreen.storyboard;
			sourceTree = "<group>";
		};
/* End PBXVariantGroup section */

/* Begin XCBuildConfiguration section */
		D5EE51C2293D89AE00B31F1A /* Debug */ = {
			isa = XCBuildConfiguration;
			buildSettings = {
				ALWAYS_SEARCH_USER_PATHS = NO;
				CLANG_ANALYZER_NONNULL = YES;
				CLANG_ANALYZER_NUMBER_OBJECT_CONVERSION = YES_AGGRESSIVE;
				CLANG_CXX_LANGUAGE_STANDARD = "gnu++20";
				CLANG_ENABLE_MODULES = YES;
				CLANG_ENABLE_OBJC_ARC = YES;
				CLANG_ENABLE_OBJC_WEAK = YES;
				CLANG_WARN_BLOCK_CAPTURE_AUTORELEASING = YES;
				CLANG_WARN_BOOL_CONVERSION = YES;
				CLANG_WARN_COMMA = YES;
				CLANG_WARN_CONSTANT_CONVERSION = YES;
				CLANG_WARN_DEPRECATED_OBJC_IMPLEMENTATIONS = YES;
				CLANG_WARN_DIRECT_OBJC_ISA_USAGE = YES_ERROR;
				CLANG_WARN_DOCUMENTATION_COMMENTS = YES;
				CLANG_WARN_EMPTY_BODY = YES;
				CLANG_WARN_ENUM_CONVERSION = YES;
				CLANG_WARN_INFINITE_RECURSION = YES;
				CLANG_WARN_INT_CONVERSION = YES;
				CLANG_WARN_NON_LITERAL_NULL_CONVERSION = YES;
				CLANG_WARN_OBJC_IMPLICIT_RETAIN_SELF = YES;
				CLANG_WARN_OBJC_LITERAL_CONVERSION = YES;
				CLANG_WARN_OBJC_ROOT_CLASS = YES_ERROR;
				CLANG_WARN_QUOTED_INCLUDE_IN_FRAMEWORK_HEADER = YES;
				CLANG_WARN_RANGE_LOOP_ANALYSIS = YES;
				CLANG_WARN_STRICT_PROTOTYPES = YES;
				CLANG_WARN_SUSPICIOUS_MOVE = YES;
				CLANG_WARN_UNGUARDED_AVAILABILITY = YES_AGGRESSIVE;
				CLANG_WARN_UNREACHABLE_CODE = YES;
				CLANG_WARN__DUPLICATE_METHOD_MATCH = YES;
				COPY_PHASE_STRIP = NO;
				DEBUG_INFORMATION_FORMAT = dwarf;
				ENABLE_STRICT_OBJC_MSGSEND = YES;
				ENABLE_TESTABILITY = YES;
				GCC_C_LANGUAGE_STANDARD = gnu11;
				GCC_DYNAMIC_NO_PIC = NO;
				GCC_NO_COMMON_BLOCKS = YES;
				GCC_OPTIMIZATION_LEVEL = 0;
				GCC_PREPROCESSOR_DEFINITIONS = (
					"DEBUG=1",
					"$(inherited)",
				);
				GCC_WARN_64_TO_32_BIT_CONVERSION = YES;
				GCC_WARN_ABOUT_RETURN_TYPE = YES_ERROR;
				GCC_WARN_UNDECLARED_SELECTOR = YES;
				GCC_WARN_UNINITIALIZED_AUTOS = YES_AGGRESSIVE;
				GCC_WARN_UNUSED_FUNCTION = YES;
				GCC_WARN_UNUSED_VARIABLE = YES;
				IPHONEOS_DEPLOYMENT_TARGET = 16.1;
				MTL_ENABLE_DEBUG_INFO = INCLUDE_SOURCE;
				MTL_FAST_MATH = YES;
				ONLY_ACTIVE_ARCH = YES;
				SDKROOT = iphoneos;
				SWIFT_ACTIVE_COMPILATION_CONDITIONS = DEBUG;
				SWIFT_OPTIMIZATION_LEVEL = "-Onone";
			};
			name = Debug;
		};
		D5EE51C3293D89AE00B31F1A /* Release */ = {
			isa = XCBuildConfiguration;
			buildSettings = {
				ALWAYS_SEARCH_USER_PATHS = NO;
				CLANG_ANALYZER_NONNULL = YES;
				CLANG_ANALYZER_NUMBER_OBJECT_CONVERSION = YES_AGGRESSIVE;
				CLANG_CXX_LANGUAGE_STANDARD = "gnu++20";
				CLANG_ENABLE_MODULES = YES;
				CLANG_ENABLE_OBJC_ARC = YES;
				CLANG_ENABLE_OBJC_WEAK = YES;
				CLANG_WARN_BLOCK_CAPTURE_AUTORELEASING = YES;
				CLANG_WARN_BOOL_CONVERSION = YES;
				CLANG_WARN_COMMA = YES;
				CLANG_WARN_CONSTANT_CONVERSION = YES;
				CLANG_WARN_DEPRECATED_OBJC_IMPLEMENTATIONS = YES;
				CLANG_WARN_DIRECT_OBJC_ISA_USAGE = YES_ERROR;
				CLANG_WARN_DOCUMENTATION_COMMENTS = YES;
				CLANG_WARN_EMPTY_BODY = YES;
				CLANG_WARN_ENUM_CONVERSION = YES;
				CLANG_WARN_INFINITE_RECURSION = YES;
				CLANG_WARN_INT_CONVERSION = YES;
				CLANG_WARN_NON_LITERAL_NULL_CONVERSION = YES;
				CLANG_WARN_OBJC_IMPLICIT_RETAIN_SELF = YES;
				CLANG_WARN_OBJC_LITERAL_CONVERSION = YES;
				CLANG_WARN_OBJC_ROOT_CLASS = YES_ERROR;
				CLANG_WARN_QUOTED_INCLUDE_IN_FRAMEWORK_HEADER = YES;
				CLANG_WARN_RANGE_LOOP_ANALYSIS = YES;
				CLANG_WARN_STRICT_PROTOTYPES = YES;
				CLANG_WARN_SUSPICIOUS_MOVE = YES;
				CLANG_WARN_UNGUARDED_AVAILABILITY = YES_AGGRESSIVE;
				CLANG_WARN_UNREACHABLE_CODE = YES;
				CLANG_WARN__DUPLICATE_METHOD_MATCH = YES;
				COPY_PHASE_STRIP = NO;
				DEBUG_INFORMATION_FORMAT = "dwarf-with-dsym";
				ENABLE_NS_ASSERTIONS = NO;
				ENABLE_STRICT_OBJC_MSGSEND = YES;
				GCC_C_LANGUAGE_STANDARD = gnu11;
				GCC_NO_COMMON_BLOCKS = YES;
				GCC_WARN_64_TO_32_BIT_CONVERSION = YES;
				GCC_WARN_ABOUT_RETURN_TYPE = YES_ERROR;
				GCC_WARN_UNDECLARED_SELECTOR = YES;
				GCC_WARN_UNINITIALIZED_AUTOS = YES_AGGRESSIVE;
				GCC_WARN_UNUSED_FUNCTION = YES;
				GCC_WARN_UNUSED_VARIABLE = YES;
				IPHONEOS_DEPLOYMENT_TARGET = 16.1;
				MTL_ENABLE_DEBUG_INFO = NO;
				MTL_FAST_MATH = YES;
				SDKROOT = iphoneos;
				SWIFT_COMPILATION_MODE = wholemodule;
				SWIFT_OPTIMIZATION_LEVEL = "-O";
				VALIDATE_PRODUCT = YES;
			};
			name = Release;
		};
		D5EE51C5293D89AE00B31F1A /* Debug */ = {
			isa = XCBuildConfiguration;
			baseConfigurationReference = CADD3504D90A89BFA9FF6CD9 /* Pods-SocialLoginIOS.debug.xcconfig */;
			buildSettings = {
				ASSETCATALOG_COMPILER_APPICON_NAME = AppIcon;
				ASSETCATALOG_COMPILER_GLOBAL_ACCENT_COLOR_NAME = AccentColor;
				CODE_SIGN_IDENTITY = "Apple Development";
				CODE_SIGN_STYLE = Automatic;
				CURRENT_PROJECT_VERSION = 1;
				DEVELOPMENT_TEAM = YUYR6UHVFX;
				GENERATE_INFOPLIST_FILE = YES;
				INFOPLIST_FILE = SocialLoginIOS/Info.plist;
				INFOPLIST_KEY_UIApplicationSupportsIndirectInputEvents = YES;
				INFOPLIST_KEY_UILaunchStoryboardName = LaunchScreen;
				INFOPLIST_KEY_UIMainStoryboardFile = Main;
				INFOPLIST_KEY_UISupportedInterfaceOrientations = "UIInterfaceOrientationLandscapeLeft UIInterfaceOrientationLandscapeRight UIInterfaceOrientationPortrait UIInterfaceOrientationPortraitUpsideDown";
				INFOPLIST_KEY_UISupportedInterfaceOrientations_iPad = "UIInterfaceOrientationLandscapeLeft UIInterfaceOrientationLandscapeRight";
				IPHONEOS_DEPLOYMENT_TARGET = 16.1;
				LD_RUNPATH_SEARCH_PATHS = (
					"$(inherited)",
					"@executable_path/Frameworks",
				);
				MARKETING_VERSION = 1.0;
				PRODUCT_BUNDLE_IDENTIFIER = been.SocialLoginIOS;
				PRODUCT_NAME = "$(TARGET_NAME)";
				PROVISIONING_PROFILE_SPECIFIER = "";
				SWIFT_EMIT_LOC_STRINGS = YES;
				SWIFT_VERSION = 5.0;
				TARGETED_DEVICE_FAMILY = "1,2";
			};
			name = Debug;
		};
		D5EE51C6293D89AE00B31F1A /* Release */ = {
			isa = XCBuildConfiguration;
			baseConfigurationReference = 3AC4679BF66DF9771C7A1FBF /* Pods-SocialLoginIOS.release.xcconfig */;
			buildSettings = {
				ASSETCATALOG_COMPILER_APPICON_NAME = AppIcon;
				ASSETCATALOG_COMPILER_GLOBAL_ACCENT_COLOR_NAME = AccentColor;
				CODE_SIGN_IDENTITY = "Apple Development";
				CODE_SIGN_STYLE = Automatic;
				CURRENT_PROJECT_VERSION = 1;
				DEVELOPMENT_TEAM = YUYR6UHVFX;
				GENERATE_INFOPLIST_FILE = YES;
				INFOPLIST_FILE = SocialLoginIOS/Info.plist;
				INFOPLIST_KEY_UIApplicationSupportsIndirectInputEvents = YES;
				INFOPLIST_KEY_UILaunchStoryboardName = LaunchScreen;
				INFOPLIST_KEY_UIMainStoryboardFile = Main;
				INFOPLIST_KEY_UISupportedInterfaceOrientations = "UIInterfaceOrientationLandscapeLeft UIInterfaceOrientationLandscapeRight UIInterfaceOrientationPortrait UIInterfaceOrientationPortraitUpsideDown";
				INFOPLIST_KEY_UISupportedInterfaceOrientations_iPad = "UIInterfaceOrientationLandscapeLeft UIInterfaceOrientationLandscapeRight";
				IPHONEOS_DEPLOYMENT_TARGET = 16.1;
				LD_RUNPATH_SEARCH_PATHS = (
					"$(inherited)",
					"@executable_path/Frameworks",
				);
				MARKETING_VERSION = 1.0;
				PRODUCT_BUNDLE_IDENTIFIER = been.SocialLoginIOS;
				PRODUCT_NAME = "$(TARGET_NAME)";
				PROVISIONING_PROFILE_SPECIFIER = "";
				SWIFT_EMIT_LOC_STRINGS = YES;
				SWIFT_VERSION = 5.0;
				TARGETED_DEVICE_FAMILY = "1,2";
			};
			name = Release;
		};
		D5EE51C8293D89AE00B31F1A /* Debug */ = {
			isa = XCBuildConfiguration;
			baseConfigurationReference = F15B5AB46AB5A5E8977D3366 /* Pods-SocialLoginIOSTests.debug.xcconfig */;
			buildSettings = {
				ALWAYS_EMBED_SWIFT_STANDARD_LIBRARIES = YES;
				BUNDLE_LOADER = "$(TEST_HOST)";
				CODE_SIGN_STYLE = Automatic;
				CURRENT_PROJECT_VERSION = 1;
				DEVELOPMENT_TEAM = YUYR6UHVFX;
				GENERATE_INFOPLIST_FILE = YES;
				IPHONEOS_DEPLOYMENT_TARGET = 16.1;
				MARKETING_VERSION = 1.0;
				PRODUCT_BUNDLE_IDENTIFIER = been.SocialLoginIOSTests;
				PRODUCT_NAME = "$(TARGET_NAME)";
				SWIFT_EMIT_LOC_STRINGS = NO;
				SWIFT_VERSION = 5.0;
				TARGETED_DEVICE_FAMILY = "1,2";
				TEST_HOST = "$(BUILT_PRODUCTS_DIR)/SocialLoginIOS.app/$(BUNDLE_EXECUTABLE_FOLDER_PATH)/SocialLoginIOS";
			};
			name = Debug;
		};
		D5EE51C9293D89AE00B31F1A /* Release */ = {
			isa = XCBuildConfiguration;
			baseConfigurationReference = 8446FEFB8E75719B06DABEDD /* Pods-SocialLoginIOSTests.release.xcconfig */;
			buildSettings = {
				ALWAYS_EMBED_SWIFT_STANDARD_LIBRARIES = YES;
				BUNDLE_LOADER = "$(TEST_HOST)";
				CODE_SIGN_STYLE = Automatic;
				CURRENT_PROJECT_VERSION = 1;
				DEVELOPMENT_TEAM = YUYR6UHVFX;
				GENERATE_INFOPLIST_FILE = YES;
				IPHONEOS_DEPLOYMENT_TARGET = 16.1;
				MARKETING_VERSION = 1.0;
				PRODUCT_BUNDLE_IDENTIFIER = been.SocialLoginIOSTests;
				PRODUCT_NAME = "$(TARGET_NAME)";
				SWIFT_EMIT_LOC_STRINGS = NO;
				SWIFT_VERSION = 5.0;
				TARGETED_DEVICE_FAMILY = "1,2";
				TEST_HOST = "$(BUILT_PRODUCTS_DIR)/SocialLoginIOS.app/$(BUNDLE_EXECUTABLE_FOLDER_PATH)/SocialLoginIOS";
			};
			name = Release;
		};
		D5EE51CB293D89AE00B31F1A /* Debug */ = {
			isa = XCBuildConfiguration;
			baseConfigurationReference = 6E28588810DA63BB470F3BDA /* Pods-SocialLoginIOS-SocialLoginIOSUITests.debug.xcconfig */;
			buildSettings = {
				ALWAYS_EMBED_SWIFT_STANDARD_LIBRARIES = YES;
				CODE_SIGN_STYLE = Automatic;
				CURRENT_PROJECT_VERSION = 1;
				DEVELOPMENT_TEAM = YUYR6UHVFX;
				GENERATE_INFOPLIST_FILE = YES;
				MARKETING_VERSION = 1.0;
				PRODUCT_BUNDLE_IDENTIFIER = been.SocialLoginIOSUITests;
				PRODUCT_NAME = "$(TARGET_NAME)";
				SWIFT_EMIT_LOC_STRINGS = NO;
				SWIFT_VERSION = 5.0;
				TARGETED_DEVICE_FAMILY = "1,2";
				TEST_TARGET_NAME = SocialLoginIOS;
			};
			name = Debug;
		};
		D5EE51CC293D89AE00B31F1A /* Release */ = {
			isa = XCBuildConfiguration;
			baseConfigurationReference = 2D69C5FE8B292E5049612FA2 /* Pods-SocialLoginIOS-SocialLoginIOSUITests.release.xcconfig */;
			buildSettings = {
				ALWAYS_EMBED_SWIFT_STANDARD_LIBRARIES = YES;
				CODE_SIGN_STYLE = Automatic;
				CURRENT_PROJECT_VERSION = 1;
				DEVELOPMENT_TEAM = YUYR6UHVFX;
				GENERATE_INFOPLIST_FILE = YES;
				MARKETING_VERSION = 1.0;
				PRODUCT_BUNDLE_IDENTIFIER = been.SocialLoginIOSUITests;
				PRODUCT_NAME = "$(TARGET_NAME)";
				SWIFT_EMIT_LOC_STRINGS = NO;
				SWIFT_VERSION = 5.0;
				TARGETED_DEVICE_FAMILY = "1,2";
				TEST_TARGET_NAME = SocialLoginIOS;
			};
			name = Release;
		};
/* End XCBuildConfiguration section */

/* Begin XCConfigurationList section */
		D5EE5195293D89AC00B31F1A /* Build configuration list for PBXProject "SocialLoginIOS" */ = {
			isa = XCConfigurationList;
			buildConfigurations = (
				D5EE51C2293D89AE00B31F1A /* Debug */,
				D5EE51C3293D89AE00B31F1A /* Release */,
			);
			defaultConfigurationIsVisible = 0;
			defaultConfigurationName = Release;
		};
		D5EE51C4293D89AE00B31F1A /* Build configuration list for PBXNativeTarget "SocialLoginIOS" */ = {
			isa = XCConfigurationList;
			buildConfigurations = (
				D5EE51C5293D89AE00B31F1A /* Debug */,
				D5EE51C6293D89AE00B31F1A /* Release */,
			);
			defaultConfigurationIsVisible = 0;
			defaultConfigurationName = Release;
		};
		D5EE51C7293D89AE00B31F1A /* Build configuration list for PBXNativeTarget "SocialLoginIOSTests" */ = {
			isa = XCConfigurationList;
			buildConfigurations = (
				D5EE51C8293D89AE00B31F1A /* Debug */,
				D5EE51C9293D89AE00B31F1A /* Release */,
			);
			defaultConfigurationIsVisible = 0;
			defaultConfigurationName = Release;
		};
		D5EE51CA293D89AE00B31F1A /* Build configuration list for PBXNativeTarget "SocialLoginIOSUITests" */ = {
			isa = XCConfigurationList;
			buildConfigurations = (
				D5EE51CB293D89AE00B31F1A /* Debug */,
				D5EE51CC293D89AE00B31F1A /* Release */,
			);
			defaultConfigurationIsVisible = 0;
			defaultConfigurationName = Release;
		};
/* End XCConfigurationList section */
	};
	rootObject = D5EE5192293D89AC00B31F1A /* Project object */;
}
